
Microsoft Visual Studio Solution File, Format Version 12.00
# Visual Studio Express 2012 for Windows Desktop
Project("{FAE04EC0-301F-11D3-BF4B-00C04F79EFBC}") = "MaquinaDeSomar", "MaquinaDeSomar.csproj", "{1B695385-4BC3-4076-98BC-B8309E843102}"
EndProject
Global
	GlobalSection(SolutionConfigurationPlatforms) = preSolution
		Debug|Any CPU = Debug|Any CPU
		Release|Any CPU = Release|Any CPU
	EndGlobalSection
	GlobalSection(ProjectConfigurationPlatforms) = postSolution
		{1B695385-4BC3-4076-98BC-B8309E843102}.Debug|Any CPU.ActiveCfg = Debug|Any CPU
		{1B695385-4BC3-4076-98BC-B8309E843102}.Debug|Any CPU.Build.0 = Debug|Any CPU
		{1B695385-4BC3-4076-98BC-B8309E843102}.Release|Any CPU.ActiveCfg = Release|Any CPU
		{1B695385-4BC3-4076-98BC-B8309E843102}.Release|Any CPU.Build.0 = Release|Any CPU
	EndGlobalSection
	GlobalSection(SolutionProperties) = preSolution
		HideSolutionNode = FALSE
	EndGlobalSection
EndGlobal
